// !$*UTF8*$!
{
	archiveVersion = 1;
	classes = {
	};
	objectVersion = 77;
	objects = {

/* Begin PBXBuildFile section */
		00155301BE7E302429DE4058 /* LimitChecker.swift in Sources */ = {isa = PBXBuildFile; fileRef = 06694C451E6DDB1A90961B56 /* LimitChecker.swift */; };
		03B50051A96CA35C700C2A76 /* AddView.swift in Sources */ = {isa = PBXBuildFile; fileRef = 4B8A6EB8EBB2A9D20B57FC52 /* AddView.swift */; };
		0408127824C04E83890A2A05 /* SilentScanCameraManager.swift in Sources */ = {isa = PBXBuildFile; fileRef = 21DC5026712FFB5F28A9702A /* SilentScanCameraManager.swift */; };
		0635C99CEEC62BAA29D7F27E /* ContactLinkSection.swift in Sources */ = {isa = PBXBuildFile; fileRef = 1EA9B9C64CE5FCCC38EE2FEC /* ContactLinkSection.swift */; };
		08AC7016FFB6FDD4F21BC0A0 /* OnboardingCompleteView.swift in Sources */ = {isa = PBXBuildFile; fileRef = D320DB1EE8F564BEA6D0D785 /* OnboardingCompleteView.swift */; };
		09C25603D1D5B39E492CE4DD /* PhotoImportViewModel.swift in Sources */ = {isa = PBXBuildFile; fileRef = 328F7272AF34BAE3ECEB1989 /* PhotoImportViewModel.swift */; };
		0BA2E74294B1916F8E0FD70C /* FaceNet512.mlpackage in Sources */ = {isa = PBXBuildFile; fileRef = 04C02A8C9CD8F2E41209A5EA /* FaceNet512.mlpackage */; };
		0C973C40AF3870C26384A53C /* AppLogoView.swift in Sources */ = {isa = PBXBuildFile; fileRef = 910C743F3BC5471067CB643C /* AppLogoView.swift */; };
		118D2267ED6D521A02B94AFE /* OnboardingContainerView.swift in Sources */ = {isa = PBXBuildFile; fileRef = AF1C5BC4FFDE21726134D4BB /* OnboardingContainerView.swift */; };
		132D1A0157B2F706D0B3CCDF /* FaceReviewView.swift in Sources */ = {isa = PBXBuildFile; fileRef = 1EEEF802177082A6E8E74328 /* FaceReviewView.swift */; };
		1363F0B70C7E184D9097D741 /* ListEditorView.swift in Sources */ = {isa = PBXBuildFile; fileRef = A7ED825D2743D1859039E470 /* ListEditorView.swift */; };
		1438F50C9349DD2C3C04E337 /* MatchResultCard.swift in Sources */ = {isa = PBXBuildFile; fileRef = C68DFCAA52134F4AC268ED82 /* MatchResultCard.swift */; };
		1518CF43B5C77729B8CB3112 /* GlobalSearchView.swift in Sources */ = {isa = PBXBuildFile; fileRef = 87EFFE3BD6B8C3BEF4E2C1BD /* GlobalSearchView.swift */; };
		15920C5ECB3F2081D04F7994 /* FloatingActionButton.swift in Sources */ = {isa = PBXBuildFile; fileRef = 73B1C5AC0126ABEFC13CD0F1 /* FloatingActionButton.swift */; };
		18182FF9265696E81E0E1E21 /* EncounterEditView.swift in Sources */ = {isa = PBXBuildFile; fileRef = 49021AC39EB69B1086AA70A3 /* EncounterEditView.swift */; };
		1A9905532228A8478AE3C89F /* OnboardingWelcomeView.swift in Sources */ = {isa = PBXBuildFile; fileRef = 86F06F2E892DC609EE68FD1D /* OnboardingWelcomeView.swift */; };
		1B42891099809454F5B23C4D /* ShareViewController.swift in Sources */ = {isa = PBXBuildFile; fileRef = 3ACEE13C98ADE3CAFB17DFDE /* ShareViewController.swift */; };
		1CD3E6B82C28102DAC2C4E3C /* AppSettings.swift in Sources */ = {isa = PBXBuildFile; fileRef = 16C457B5688D299C31E516CC /* AppSettings.swift */; };
		1D2EDB550A1BB254B63D880A /* EncounterListView.swift in Sources */ = {isa = PBXBuildFile; fileRef = A34165AA81501FB69A901176 /* EncounterListView.swift */; };
		245C6DCA4C66F2AF624B8923 /* ContentView.swift in Sources */ = {isa = PBXBuildFile; fileRef = 5AEDCDD0CECC0EEF49EFB0D9 /* ContentView.swift */; };
		24B5217B597B4B96580961A4 /* AllPeopleListView.swift in Sources */ = {isa = PBXBuildFile; fileRef = 657BD2311A0223773FCB81D0 /* AllPeopleListView.swift */; };
		27AB7EA9C5D74656790EB028 /* SubscriptionManager.swift in Sources */ = {isa = PBXBuildFile; fileRef = F0371D80B6C01257F13AA90F /* SubscriptionManager.swift */; };
		2ACFCCB4FD0BDC5436943CB5 /* LimitReachedView.swift in Sources */ = {isa = PBXBuildFile; fileRef = 2907A35F3C58431802E23AFA /* LimitReachedView.swift */; };
		2FCD950EA79234AEB68E4647 /* OnboardingProgressIndicator.swift in Sources */ = {isa = PBXBuildFile; fileRef = 1312149A710348153F055F78 /* OnboardingProgressIndicator.swift */; };
		3391C66F32DEAE53B25A76EE /* SplashView.swift in Sources */ = {isa = PBXBuildFile; fileRef = 2E23F39895AF9B13A0FDC41D /* SplashView.swift */; };
		33C1884D24DD37D46D479D03 /* Assets.xcassets in Resources */ = {isa = PBXBuildFile; fileRef = 9157C1E917CFF24ECFC278A1 /* Assets.xcassets */; };
		34610B0333056FF80044B18B /* EncounterScannerView.swift in Sources */ = {isa = PBXBuildFile; fileRef = B0512CDA3964ECC764E2D568 /* EncounterScannerView.swift */; };
		36D96658ABC7433A1D56F799 /* EphemeralMatchView.swift in Sources */ = {isa = PBXBuildFile; fileRef = 83F477D72755869D35922982 /* EphemeralMatchView.swift */; };
		3FA1923B4B59DC9E25887975 /* EncounterPhoto.swift in Sources */ = {isa = PBXBuildFile; fileRef = 62D9B65B81EAACA2C518D5A0 /* EncounterPhoto.swift */; };
		416B6B6EF3FDA30B32BDBEB0 /* SettingsView.swift in Sources */ = {isa = PBXBuildFile; fileRef = AED9DDEE8CB1F8D16356B40B /* SettingsView.swift */; };
		43719527A751C48B739F9253 /* PaywallView.swift in Sources */ = {isa = PBXBuildFile; fileRef = 30E37AF00F14424DAC516504 /* PaywallView.swift */; };
		457C0CB01FC45D37EB6B5B59 /* PhotoLibraryScannerService.swift in Sources */ = {isa = PBXBuildFile; fileRef = F91805FC28853BED76D5E325 /* PhotoLibraryScannerService.swift */; };
		46998D26BEA1168689AA2F3C /* ContactsManager.swift in Sources */ = {isa = PBXBuildFile; fileRef = C21964A4B54F1257DC9CE875 /* ContactsManager.swift */; };
		4818C973C234B5DCB3A9C7A1 /* PeopleHomeView.swift in Sources */ = {isa = PBXBuildFile; fileRef = 345B472647BAF030FA79A0B2 /* PeopleHomeView.swift */; };
		4845C15119DA3C2D6BB3B25F /* FaceQuizView.swift in Sources */ = {isa = PBXBuildFile; fileRef = 0B4D145FE5DAFAAE416DCADC /* FaceQuizView.swift */; };
		5176F743AA0ADD4E644F4DC2 /* MemoryScanViewModel.swift in Sources */ = {isa = PBXBuildFile; fileRef = C5115D265811AE22010673D1 /* MemoryScanViewModel.swift */; };
		536C2A1526D1FCD4EB08C153 /* OnboardingProfileView.swift in Sources */ = {isa = PBXBuildFile; fileRef = CC4125E85C7130E4F68A0627 /* OnboardingProfileView.swift */; };
		5A7383B36339409396DD811E /* DemoAssets.xcassets in Resources */ = {isa = PBXBuildFile; fileRef = 3EE38A0DEBE78E71520B149A /* DemoAssets.xcassets */; };
		60126316EDBE2CB1FEF6EB6C /* PhotoImportView.swift in Sources */ = {isa = PBXBuildFile; fileRef = 521F4F14E7890F6F32F9B7B7 /* PhotoImportView.swift */; };
		6184CE75388791A5B88B9CC0 /* LimitWarningBanner.swift in Sources */ = {isa = PBXBuildFile; fileRef = 305F8290A1BBC3C7175765A9 /* LimitWarningBanner.swift */; };
		653475F656622C7B24F56A93 /* TagViews.swift in Sources */ = {isa = PBXBuildFile; fileRef = CB3BD12761EA8956F55046E5 /* TagViews.swift */; };
		6A6607518441A4E5A2499AE9 /* ScanningAnimationView.swift in Sources */ = {isa = PBXBuildFile; fileRef = 750EDFD272CEE8D914FADCC6 /* ScanningAnimationView.swift */; };
		6BEF893F1BE0172D2153280D /* EncounterDetailView.swift in Sources */ = {isa = PBXBuildFile; fileRef = 429F386BA20D6758F12C7C05 /* EncounterDetailView.swift */; };
		72419CAA7C9B73ADA651A889 /* CameraCaptureView.swift in Sources */ = {isa = PBXBuildFile; fileRef = 6D861C627201D8E3E06B3961 /* CameraCaptureView.swift */; };
		72D39DB749E6FC3EB11A91F3 /* AccountView.swift in Sources */ = {isa = PBXBuildFile; fileRef = FB6505A4C614E769EDF977BC /* AccountView.swift */; };
		7702051B9C47A5D782F8C7F8 /* PeopleListView.swift in Sources */ = {isa = PBXBuildFile; fileRef = 8506C97A0F1D2A3A3C3BDD51 /* PeopleListView.swift */; };
		7992B1B55425C654B5657E21 /* EncounterReviewView.swift in Sources */ = {isa = PBXBuildFile; fileRef = E36DCBF646425C64EF72E8F7 /* EncounterReviewView.swift */; };
		7BB9C52E50DB52299554FE24 /* Tag.swift in Sources */ = {isa = PBXBuildFile; fileRef = B521FB26BC25023710F2EEB8 /* Tag.swift */; };
		81AB8030C5DC0249205DCC6F /* CloudSyncManager.swift in Sources */ = {isa = PBXBuildFile; fileRef = A6F14B1EA9E63595970546F8 /* CloudSyncManager.swift */; };
		828E4087E1F24C0621CD8622 /* AppTheme.swift in Sources */ = {isa = PBXBuildFile; fileRef = 3B46C31F66EEF6265FC61C67 /* AppTheme.swift */; };
		850080AEEE42F81F45F3862F /* Localizable.xcstrings in Resources */ = {isa = PBXBuildFile; fileRef = 08D42FE113F8837656ABC3BA /* Localizable.xcstrings */; };
		895EE803C1F62178054A268D /* NewPersonSheet.swift in Sources */ = {isa = PBXBuildFile; fileRef = 8CCD2F3F97CABFA17BDAAD1F /* NewPersonSheet.swift */; };
		898810411417DD9F8C0B083C /* LiquidGlassStyle.swift in Sources */ = {isa = PBXBuildFile; fileRef = 3B41544F52E67D4CB06C8D73 /* LiquidGlassStyle.swift */; };
		8A5C05D4911037CABE9389AA /* MovePhotosDestinationView.swift in Sources */ = {isa = PBXBuildFile; fileRef = 1B0A7AA33B94802BE85E716E /* MovePhotosDestinationView.swift */; };
		9016682C25A644AA47C25B59 /* FaceThumbnailView.swift in Sources */ = {isa = PBXBuildFile; fileRef = C80F070BD72AC0EF46DC7A15 /* FaceThumbnailView.swift */; };
		94EECE7C4AEB9D1BACA898DF /* OnboardingLiveScanView.swift in Sources */ = {isa = PBXBuildFile; fileRef = 36A993EA76D2CB5F07559084 /* OnboardingLiveScanView.swift */; };
		98E1B40F8CB6DB617C143CE6 /* SpacedRepetitionData.swift in Sources */ = {isa = PBXBuildFile; fileRef = 2CE8B109DE6A181FD8C19B88 /* SpacedRepetitionData.swift */; };
		9CA2AD3D8EEFA24027A636DF /* FaceDetectionService.swift in Sources */ = {isa = PBXBuildFile; fileRef = 81519E76E6A5B949AD7B2340 /* FaceDetectionService.swift */; };
		9E860B5FF507AF647DB7862D /* ShareExtension.appex in Embed Foundation Extensions */ = {isa = PBXBuildFile; fileRef = B9A4B26E693892BC1F25FEB7 /* ShareExtension.appex */; settings = {ATTRIBUTES = (RemoveHeadersOnCopy, ); }; };
		A2DB631ACFFE916BF7DA3A95 /* ImportedPhoto.swift in Sources */ = {isa = PBXBuildFile; fileRef = 188EBF64EBB1BF37D37F181E /* ImportedPhoto.swift */; };
		A4A2C3B109F65D52993277DF /* FaceMatchingService.swift in Sources */ = {isa = PBXBuildFile; fileRef = 715D225B9A8BCA6D846A33C8 /* FaceMatchingService.swift */; };
		A59B8432A6ACE31EF1D92711 /* InteractionNote.swift in Sources */ = {isa = PBXBuildFile; fileRef = 4B86348856F51C62121EC088 /* InteractionNote.swift */; };
		AA9EFF1A3178E1E8FCF6462B /* FaceReviewViewModel.swift in Sources */ = {isa = PBXBuildFile; fileRef = F48264597407375FD53C8B58 /* FaceReviewViewModel.swift */; };
		AB3D51D8B51210D5615E1E48 /* FaceEmbeddingService.swift in Sources */ = {isa = PBXBuildFile; fileRef = C0C28E7CAED511D78436A26E /* FaceEmbeddingService.swift */; };
		ACAB121A58372FFDE8BBB977 /* HomeView.swift in Sources */ = {isa = PBXBuildFile; fileRef = 823AE1562193907DB7155DA8 /* HomeView.swift */; };
		ACB1B92D181B9AE1DB5987AB /* PracticeHomeView.swift in Sources */ = {isa = PBXBuildFile; fileRef = E30ED42B24103A43975FD067 /* PracticeHomeView.swift */; };
		B0758D2B27D769F9FD2489E8 /* EncounterManagementService.swift in Sources */ = {isa = PBXBuildFile; fileRef = D74FFB572E3E3A10F3ED4837 /* EncounterManagementService.swift */; };
		B20FAC18C5AA5298D4C9B478 /* SubscriptionLimits.swift in Sources */ = {isa = PBXBuildFile; fileRef = B856B1DF9748538B71D376A8 /* SubscriptionLimits.swift */; };
		B3E39E5070C63F5AA63CCBB9 /* ScanTabView.swift in Sources */ = {isa = PBXBuildFile; fileRef = 2EC10DD22C57CC073F868814 /* ScanTabView.swift */; };
		B652F1F91E5F7C56FE788B2C /* OnboardingFirstMemoryView.swift in Sources */ = {isa = PBXBuildFile; fileRef = 40FEB62039EC82A7637BA56A /* OnboardingFirstMemoryView.swift */; };
		B6D5C079A3ADF3E5955C9DAC /* QuickCaptureView.swift in Sources */ = {isa = PBXBuildFile; fileRef = 2B9E28301BCA0F763F5285CB /* QuickCaptureView.swift */; };
		B85503DE06870526E2A5476C /* AddPersonView.swift in Sources */ = {isa = PBXBuildFile; fileRef = C4782D317377C335A7A208BD /* AddPersonView.swift */; };
		B957D837F98F1A7AB5C7F01E /* RemetApp.swift in Sources */ = {isa = PBXBuildFile; fileRef = C5D7A7FA0DD4D205F36C96BE /* RemetApp.swift */; };
		BD7E54D0A7B38467EE4F2CD5 /* PersonMergeView.swift in Sources */ = {isa = PBXBuildFile; fileRef = C5B4989BAE409B9E5E6111CA /* PersonMergeView.swift */; };
		C30F9E41870DF68EB50DEC93 /* Person.swift in Sources */ = {isa = PBXBuildFile; fileRef = 450F9A1A3B5B6AD0D184E282 /* Person.swift */; };
		C4CA14631D70FBBE1A9EB210 /* MemoryScanView.swift in Sources */ = {isa = PBXBuildFile; fileRef = FD5D0231DA8A4A4C455EE11F /* MemoryScanView.swift */; };
		C951BDA4E801E59D8E8A866D /* EncounterMergeView.swift in Sources */ = {isa = PBXBuildFile; fileRef = C9D24F41340C91A1BBBC9A23 /* EncounterMergeView.swift */; };
		CB1973A4EA63A43353D48831 /* SyncSettingsView.swift in Sources */ = {isa = PBXBuildFile; fileRef = 238DE2A764731DE98E7D50AF /* SyncSettingsView.swift */; };
		D362EA332267D1BAC1A7400C /* StatusBarFadeOverlay.swift in Sources */ = {isa = PBXBuildFile; fileRef = 58BDF2135D94032DC6847188 /* StatusBarFadeOverlay.swift */; };
		D6A570580E60E71D14B5ECDD /* PersonDetailView.swift in Sources */ = {isa = PBXBuildFile; fileRef = 4786E3FC85DB983E4FB2854C /* PersonDetailView.swift */; };
		E00EC07AADAEBE2072EA08D6 /* EncounterGroupReviewView.swift in Sources */ = {isa = PBXBuildFile; fileRef = 2B2AC37A21CA31106498C6E2 /* EncounterGroupReviewView.swift */; };
		E6FBB221BB4D06F4D2B5587F /* FaceEmbedding.swift in Sources */ = {isa = PBXBuildFile; fileRef = 0D05649D084EFCC1C8068A96 /* FaceEmbedding.swift */; };
		E9A063887364C98257DFE000 /* QuizAttempt.swift in Sources */ = {isa = PBXBuildFile; fileRef = A74C14C63E0B42A203E30E62 /* QuizAttempt.swift */; };
		E9C6C7905A8ED501A5008486 /* DemoDataService.swift in Sources */ = {isa = PBXBuildFile; fileRef = 9490DFD03312D9AD01EB8896 /* DemoDataService.swift */; };
		EB41B6B1018B498CF1B4907E /* FAQView.swift in Sources */ = {isa = PBXBuildFile; fileRef = F35F911994007229BE98D59A /* FAQView.swift */; };
		ED3B8921E0936101437EC7A1 /* FloatingTabBar.swift in Sources */ = {isa = PBXBuildFile; fileRef = 37E55E11E0F450C6CA3FB079 /* FloatingTabBar.swift */; };
		FB3581F4CC2B608AFDA46857 /* Encounter.swift in Sources */ = {isa = PBXBuildFile; fileRef = 7F8576CD80F811E34E5C08FA /* Encounter.swift */; };
/* End PBXBuildFile section */

/* Begin PBXContainerItemProxy section */
		DA620B1C12ADFEF8684C3AFA /* PBXContainerItemProxy */ = {
			isa = PBXContainerItemProxy;
			containerPortal = 49C7ADC13AF398C110B64637 /* Project object */;
			proxyType = 1;
			remoteGlobalIDString = 4B671A7987202F63BC07022B;
			remoteInfo = ShareExtension;
		};
/* End PBXContainerItemProxy section */

/* Begin PBXCopyFilesBuildPhase section */
		1F0CF2669C703262D6060A82 /* Embed Foundation Extensions */ = {
			isa = PBXCopyFilesBuildPhase;
			buildActionMask = 2147483647;
			dstPath = "";
			dstSubfolderSpec = 13;
			files = (
				9E860B5FF507AF647DB7862D /* ShareExtension.appex in Embed Foundation Extensions */,
			);
			name = "Embed Foundation Extensions";
			runOnlyForDeploymentPostprocessing = 0;
		};
/* End PBXCopyFilesBuildPhase section */

/* Begin PBXFileReference section */
		04C02A8C9CD8F2E41209A5EA /* FaceNet512.mlpackage */ = {isa = PBXFileReference; path = FaceNet512.mlpackage; sourceTree = "<group>"; };
		06694C451E6DDB1A90961B56 /* LimitChecker.swift */ = {isa = PBXFileReference; lastKnownFileType = sourcecode.swift; path = LimitChecker.swift; sourceTree = "<group>"; };
		08D42FE113F8837656ABC3BA /* Localizable.xcstrings */ = {isa = PBXFileReference; lastKnownFileType = text.json.xcstrings; path = Localizable.xcstrings; sourceTree = "<group>"; };
		0B4D145FE5DAFAAE416DCADC /* FaceQuizView.swift */ = {isa = PBXFileReference; lastKnownFileType = sourcecode.swift; path = FaceQuizView.swift; sourceTree = "<group>"; };
		0D05649D084EFCC1C8068A96 /* FaceEmbedding.swift */ = {isa = PBXFileReference; lastKnownFileType = sourcecode.swift; path = FaceEmbedding.swift; sourceTree = "<group>"; };
		1312149A710348153F055F78 /* OnboardingProgressIndicator.swift */ = {isa = PBXFileReference; lastKnownFileType = sourcecode.swift; path = OnboardingProgressIndicator.swift; sourceTree = "<group>"; };
		16C457B5688D299C31E516CC /* AppSettings.swift */ = {isa = PBXFileReference; lastKnownFileType = sourcecode.swift; path = AppSettings.swift; sourceTree = "<group>"; };
		188EBF64EBB1BF37D37F181E /* ImportedPhoto.swift */ = {isa = PBXFileReference; lastKnownFileType = sourcecode.swift; path = ImportedPhoto.swift; sourceTree = "<group>"; };
		1B0A7AA33B94802BE85E716E /* MovePhotosDestinationView.swift */ = {isa = PBXFileReference; lastKnownFileType = sourcecode.swift; path = MovePhotosDestinationView.swift; sourceTree = "<group>"; };
		1EA9B9C64CE5FCCC38EE2FEC /* ContactLinkSection.swift */ = {isa = PBXFileReference; lastKnownFileType = sourcecode.swift; path = ContactLinkSection.swift; sourceTree = "<group>"; };
		1EEEF802177082A6E8E74328 /* FaceReviewView.swift */ = {isa = PBXFileReference; lastKnownFileType = sourcecode.swift; path = FaceReviewView.swift; sourceTree = "<group>"; };
		21DC5026712FFB5F28A9702A /* SilentScanCameraManager.swift */ = {isa = PBXFileReference; lastKnownFileType = sourcecode.swift; path = SilentScanCameraManager.swift; sourceTree = "<group>"; };
		238DE2A764731DE98E7D50AF /* SyncSettingsView.swift */ = {isa = PBXFileReference; lastKnownFileType = sourcecode.swift; path = SyncSettingsView.swift; sourceTree = "<group>"; };
		2907A35F3C58431802E23AFA /* LimitReachedView.swift */ = {isa = PBXFileReference; lastKnownFileType = sourcecode.swift; path = LimitReachedView.swift; sourceTree = "<group>"; };
		2B2AC37A21CA31106498C6E2 /* EncounterGroupReviewView.swift */ = {isa = PBXFileReference; lastKnownFileType = sourcecode.swift; path = EncounterGroupReviewView.swift; sourceTree = "<group>"; };
		2B9E28301BCA0F763F5285CB /* QuickCaptureView.swift */ = {isa = PBXFileReference; lastKnownFileType = sourcecode.swift; path = QuickCaptureView.swift; sourceTree = "<group>"; };
		2CE8B109DE6A181FD8C19B88 /* SpacedRepetitionData.swift */ = {isa = PBXFileReference; lastKnownFileType = sourcecode.swift; path = SpacedRepetitionData.swift; sourceTree = "<group>"; };
		2E23F39895AF9B13A0FDC41D /* SplashView.swift */ = {isa = PBXFileReference; lastKnownFileType = sourcecode.swift; path = SplashView.swift; sourceTree = "<group>"; };
		2EC10DD22C57CC073F868814 /* ScanTabView.swift */ = {isa = PBXFileReference; lastKnownFileType = sourcecode.swift; path = ScanTabView.swift; sourceTree = "<group>"; };
		305F8290A1BBC3C7175765A9 /* LimitWarningBanner.swift */ = {isa = PBXFileReference; lastKnownFileType = sourcecode.swift; path = LimitWarningBanner.swift; sourceTree = "<group>"; };
		30E37AF00F14424DAC516504 /* PaywallView.swift */ = {isa = PBXFileReference; lastKnownFileType = sourcecode.swift; path = PaywallView.swift; sourceTree = "<group>"; };
		328F7272AF34BAE3ECEB1989 /* PhotoImportViewModel.swift */ = {isa = PBXFileReference; lastKnownFileType = sourcecode.swift; path = PhotoImportViewModel.swift; sourceTree = "<group>"; };
		345B472647BAF030FA79A0B2 /* PeopleHomeView.swift */ = {isa = PBXFileReference; lastKnownFileType = sourcecode.swift; path = PeopleHomeView.swift; sourceTree = "<group>"; };
		36A993EA76D2CB5F07559084 /* OnboardingLiveScanView.swift */ = {isa = PBXFileReference; lastKnownFileType = sourcecode.swift; path = OnboardingLiveScanView.swift; sourceTree = "<group>"; };
		37E55E11E0F450C6CA3FB079 /* FloatingTabBar.swift */ = {isa = PBXFileReference; lastKnownFileType = sourcecode.swift; path = FloatingTabBar.swift; sourceTree = "<group>"; };
		3ACEE13C98ADE3CAFB17DFDE /* ShareViewController.swift */ = {isa = PBXFileReference; lastKnownFileType = sourcecode.swift; path = ShareViewController.swift; sourceTree = "<group>"; };
		3B41544F52E67D4CB06C8D73 /* LiquidGlassStyle.swift */ = {isa = PBXFileReference; lastKnownFileType = sourcecode.swift; path = LiquidGlassStyle.swift; sourceTree = "<group>"; };
		3B46C31F66EEF6265FC61C67 /* AppTheme.swift */ = {isa = PBXFileReference; lastKnownFileType = sourcecode.swift; path = AppTheme.swift; sourceTree = "<group>"; };
		3BFD7031C9E6FE562EE6AD1C /* Info.plist */ = {isa = PBXFileReference; lastKnownFileType = text.plist; path = Info.plist; sourceTree = "<group>"; };
		3EE38A0DEBE78E71520B149A /* DemoAssets.xcassets */ = {isa = PBXFileReference; lastKnownFileType = folder.assetcatalog; path = DemoAssets.xcassets; sourceTree = "<group>"; };
		40FEB62039EC82A7637BA56A /* OnboardingFirstMemoryView.swift */ = {isa = PBXFileReference; lastKnownFileType = sourcecode.swift; path = OnboardingFirstMemoryView.swift; sourceTree = "<group>"; };
		429F386BA20D6758F12C7C05 /* EncounterDetailView.swift */ = {isa = PBXFileReference; lastKnownFileType = sourcecode.swift; path = EncounterDetailView.swift; sourceTree = "<group>"; };
		450F9A1A3B5B6AD0D184E282 /* Person.swift */ = {isa = PBXFileReference; lastKnownFileType = sourcecode.swift; path = Person.swift; sourceTree = "<group>"; };
		4786E3FC85DB983E4FB2854C /* PersonDetailView.swift */ = {isa = PBXFileReference; lastKnownFileType = sourcecode.swift; path = PersonDetailView.swift; sourceTree = "<group>"; };
		49021AC39EB69B1086AA70A3 /* EncounterEditView.swift */ = {isa = PBXFileReference; lastKnownFileType = sourcecode.swift; path = EncounterEditView.swift; sourceTree = "<group>"; };
		4B86348856F51C62121EC088 /* InteractionNote.swift */ = {isa = PBXFileReference; lastKnownFileType = sourcecode.swift; path = InteractionNote.swift; sourceTree = "<group>"; };
		4B8A6EB8EBB2A9D20B57FC52 /* AddView.swift */ = {isa = PBXFileReference; lastKnownFileType = sourcecode.swift; path = AddView.swift; sourceTree = "<group>"; };
		521F4F14E7890F6F32F9B7B7 /* PhotoImportView.swift */ = {isa = PBXFileReference; lastKnownFileType = sourcecode.swift; path = PhotoImportView.swift; sourceTree = "<group>"; };
		58BDF2135D94032DC6847188 /* StatusBarFadeOverlay.swift */ = {isa = PBXFileReference; lastKnownFileType = sourcecode.swift; path = StatusBarFadeOverlay.swift; sourceTree = "<group>"; };
		5AEDCDD0CECC0EEF49EFB0D9 /* ContentView.swift */ = {isa = PBXFileReference; lastKnownFileType = sourcecode.swift; path = ContentView.swift; sourceTree = "<group>"; };
		62D9B65B81EAACA2C518D5A0 /* EncounterPhoto.swift */ = {isa = PBXFileReference; lastKnownFileType = sourcecode.swift; path = EncounterPhoto.swift; sourceTree = "<group>"; };
		657BD2311A0223773FCB81D0 /* AllPeopleListView.swift */ = {isa = PBXFileReference; lastKnownFileType = sourcecode.swift; path = AllPeopleListView.swift; sourceTree = "<group>"; };
		6D861C627201D8E3E06B3961 /* CameraCaptureView.swift */ = {isa = PBXFileReference; lastKnownFileType = sourcecode.swift; path = CameraCaptureView.swift; sourceTree = "<group>"; };
		715D225B9A8BCA6D846A33C8 /* FaceMatchingService.swift */ = {isa = PBXFileReference; lastKnownFileType = sourcecode.swift; path = FaceMatchingService.swift; sourceTree = "<group>"; };
		73B1C5AC0126ABEFC13CD0F1 /* FloatingActionButton.swift */ = {isa = PBXFileReference; lastKnownFileType = sourcecode.swift; path = FloatingActionButton.swift; sourceTree = "<group>"; };
		750EDFD272CEE8D914FADCC6 /* ScanningAnimationView.swift */ = {isa = PBXFileReference; lastKnownFileType = sourcecode.swift; path = ScanningAnimationView.swift; sourceTree = "<group>"; };
		7DA9DA90D81F32B1AA3751DF /* Remet.app */ = {isa = PBXFileReference; includeInIndex = 0; lastKnownFileType = wrapper.application; path = Remet.app; sourceTree = BUILT_PRODUCTS_DIR; };
		7F8576CD80F811E34E5C08FA /* Encounter.swift */ = {isa = PBXFileReference; lastKnownFileType = sourcecode.swift; path = Encounter.swift; sourceTree = "<group>"; };
		81519E76E6A5B949AD7B2340 /* FaceDetectionService.swift */ = {isa = PBXFileReference; lastKnownFileType = sourcecode.swift; path = FaceDetectionService.swift; sourceTree = "<group>"; };
		823AE1562193907DB7155DA8 /* HomeView.swift */ = {isa = PBXFileReference; lastKnownFileType = sourcecode.swift; path = HomeView.swift; sourceTree = "<group>"; };
		83F477D72755869D35922982 /* EphemeralMatchView.swift */ = {isa = PBXFileReference; lastKnownFileType = sourcecode.swift; path = EphemeralMatchView.swift; sourceTree = "<group>"; };
		8506C97A0F1D2A3A3C3BDD51 /* PeopleListView.swift */ = {isa = PBXFileReference; lastKnownFileType = sourcecode.swift; path = PeopleListView.swift; sourceTree = "<group>"; };
		86F06F2E892DC609EE68FD1D /* OnboardingWelcomeView.swift */ = {isa = PBXFileReference; lastKnownFileType = sourcecode.swift; path = OnboardingWelcomeView.swift; sourceTree = "<group>"; };
		87EFFE3BD6B8C3BEF4E2C1BD /* GlobalSearchView.swift */ = {isa = PBXFileReference; lastKnownFileType = sourcecode.swift; path = GlobalSearchView.swift; sourceTree = "<group>"; };
		8CCD2F3F97CABFA17BDAAD1F /* NewPersonSheet.swift */ = {isa = PBXFileReference; lastKnownFileType = sourcecode.swift; path = NewPersonSheet.swift; sourceTree = "<group>"; };
		910C743F3BC5471067CB643C /* AppLogoView.swift */ = {isa = PBXFileReference; lastKnownFileType = sourcecode.swift; path = AppLogoView.swift; sourceTree = "<group>"; };
		9157C1E917CFF24ECFC278A1 /* Assets.xcassets */ = {isa = PBXFileReference; lastKnownFileType = folder.assetcatalog; path = Assets.xcassets; sourceTree = "<group>"; };
		9490DFD03312D9AD01EB8896 /* DemoDataService.swift */ = {isa = PBXFileReference; lastKnownFileType = sourcecode.swift; path = DemoDataService.swift; sourceTree = "<group>"; };
		974AA2C374B879B953C7F691 /* ShareExtension.entitlements */ = {isa = PBXFileReference; lastKnownFileType = text.plist.entitlements; path = ShareExtension.entitlements; sourceTree = "<group>"; };
		A34165AA81501FB69A901176 /* EncounterListView.swift */ = {isa = PBXFileReference; lastKnownFileType = sourcecode.swift; path = EncounterListView.swift; sourceTree = "<group>"; };
		A6F14B1EA9E63595970546F8 /* CloudSyncManager.swift */ = {isa = PBXFileReference; lastKnownFileType = sourcecode.swift; path = CloudSyncManager.swift; sourceTree = "<group>"; };
		A745EC47673F2071CB294230 /* Remet.entitlements */ = {isa = PBXFileReference; lastKnownFileType = text.plist.entitlements; path = Remet.entitlements; sourceTree = "<group>"; };
		A74C14C63E0B42A203E30E62 /* QuizAttempt.swift */ = {isa = PBXFileReference; lastKnownFileType = sourcecode.swift; path = QuizAttempt.swift; sourceTree = "<group>"; };
		A7ED825D2743D1859039E470 /* ListEditorView.swift */ = {isa = PBXFileReference; lastKnownFileType = sourcecode.swift; path = ListEditorView.swift; sourceTree = "<group>"; };
		AED9DDEE8CB1F8D16356B40B /* SettingsView.swift */ = {isa = PBXFileReference; lastKnownFileType = sourcecode.swift; path = SettingsView.swift; sourceTree = "<group>"; };
		AF1C5BC4FFDE21726134D4BB /* OnboardingContainerView.swift */ = {isa = PBXFileReference; lastKnownFileType = sourcecode.swift; path = OnboardingContainerView.swift; sourceTree = "<group>"; };
		B0512CDA3964ECC764E2D568 /* EncounterScannerView.swift */ = {isa = PBXFileReference; lastKnownFileType = sourcecode.swift; path = EncounterScannerView.swift; sourceTree = "<group>"; };
		B521FB26BC25023710F2EEB8 /* Tag.swift */ = {isa = PBXFileReference; lastKnownFileType = sourcecode.swift; path = Tag.swift; sourceTree = "<group>"; };
		B856B1DF9748538B71D376A8 /* SubscriptionLimits.swift */ = {isa = PBXFileReference; lastKnownFileType = sourcecode.swift; path = SubscriptionLimits.swift; sourceTree = "<group>"; };
		B9A4B26E693892BC1F25FEB7 /* ShareExtension.appex */ = {isa = PBXFileReference; includeInIndex = 0; lastKnownFileType = "wrapper.app-extension"; path = ShareExtension.appex; sourceTree = BUILT_PRODUCTS_DIR; };
		C0C28E7CAED511D78436A26E /* FaceEmbeddingService.swift */ = {isa = PBXFileReference; lastKnownFileType = sourcecode.swift; path = FaceEmbeddingService.swift; sourceTree = "<group>"; };
		C21964A4B54F1257DC9CE875 /* ContactsManager.swift */ = {isa = PBXFileReference; lastKnownFileType = sourcecode.swift; path = ContactsManager.swift; sourceTree = "<group>"; };
		C4782D317377C335A7A208BD /* AddPersonView.swift */ = {isa = PBXFileReference; lastKnownFileType = sourcecode.swift; path = AddPersonView.swift; sourceTree = "<group>"; };
		C5115D265811AE22010673D1 /* MemoryScanViewModel.swift */ = {isa = PBXFileReference; lastKnownFileType = sourcecode.swift; path = MemoryScanViewModel.swift; sourceTree = "<group>"; };
		C5B4989BAE409B9E5E6111CA /* PersonMergeView.swift */ = {isa = PBXFileReference; lastKnownFileType = sourcecode.swift; path = PersonMergeView.swift; sourceTree = "<group>"; };
		C5D7A7FA0DD4D205F36C96BE /* RemetApp.swift */ = {isa = PBXFileReference; lastKnownFileType = sourcecode.swift; path = RemetApp.swift; sourceTree = "<group>"; };
		C68DFCAA52134F4AC268ED82 /* MatchResultCard.swift */ = {isa = PBXFileReference; lastKnownFileType = sourcecode.swift; path = MatchResultCard.swift; sourceTree = "<group>"; };
		C80F070BD72AC0EF46DC7A15 /* FaceThumbnailView.swift */ = {isa = PBXFileReference; lastKnownFileType = sourcecode.swift; path = FaceThumbnailView.swift; sourceTree = "<group>"; };
		C9D24F41340C91A1BBBC9A23 /* EncounterMergeView.swift */ = {isa = PBXFileReference; lastKnownFileType = sourcecode.swift; path = EncounterMergeView.swift; sourceTree = "<group>"; };
		CB3BD12761EA8956F55046E5 /* TagViews.swift */ = {isa = PBXFileReference; lastKnownFileType = sourcecode.swift; path = TagViews.swift; sourceTree = "<group>"; };
		CC4125E85C7130E4F68A0627 /* OnboardingProfileView.swift */ = {isa = PBXFileReference; lastKnownFileType = sourcecode.swift; path = OnboardingProfileView.swift; sourceTree = "<group>"; };
		D320DB1EE8F564BEA6D0D785 /* OnboardingCompleteView.swift */ = {isa = PBXFileReference; lastKnownFileType = sourcecode.swift; path = OnboardingCompleteView.swift; sourceTree = "<group>"; };
		D74FFB572E3E3A10F3ED4837 /* EncounterManagementService.swift */ = {isa = PBXFileReference; lastKnownFileType = sourcecode.swift; path = EncounterManagementService.swift; sourceTree = "<group>"; };
		E30ED42B24103A43975FD067 /* PracticeHomeView.swift */ = {isa = PBXFileReference; lastKnownFileType = sourcecode.swift; path = PracticeHomeView.swift; sourceTree = "<group>"; };
		E36DCBF646425C64EF72E8F7 /* EncounterReviewView.swift */ = {isa = PBXFileReference; lastKnownFileType = sourcecode.swift; path = EncounterReviewView.swift; sourceTree = "<group>"; };
		F0371D80B6C01257F13AA90F /* SubscriptionManager.swift */ = {isa = PBXFileReference; lastKnownFileType = sourcecode.swift; path = SubscriptionManager.swift; sourceTree = "<group>"; };
		F35F911994007229BE98D59A /* FAQView.swift */ = {isa = PBXFileReference; lastKnownFileType = sourcecode.swift; path = FAQView.swift; sourceTree = "<group>"; };
		F45C58BBB6EFFCC60A3DF3B9 /* Info.plist */ = {isa = PBXFileReference; lastKnownFileType = text.plist; path = Info.plist; sourceTree = "<group>"; };
		F48264597407375FD53C8B58 /* FaceReviewViewModel.swift */ = {isa = PBXFileReference; lastKnownFileType = sourcecode.swift; path = FaceReviewViewModel.swift; sourceTree = "<group>"; };
		F91805FC28853BED76D5E325 /* PhotoLibraryScannerService.swift */ = {isa = PBXFileReference; lastKnownFileType = sourcecode.swift; path = PhotoLibraryScannerService.swift; sourceTree = "<group>"; };
		FB6505A4C614E769EDF977BC /* AccountView.swift */ = {isa = PBXFileReference; lastKnownFileType = sourcecode.swift; path = AccountView.swift; sourceTree = "<group>"; };
		FD5D0231DA8A4A4C455EE11F /* MemoryScanView.swift */ = {isa = PBXFileReference; lastKnownFileType = sourcecode.swift; path = MemoryScanView.swift; sourceTree = "<group>"; };
/* End PBXFileReference section */

/* Begin PBXGroup section */
		08064BCE561D2A78437A5456 /* Settings */ = {
			isa = PBXGroup;
			children = (
				AED9DDEE8CB1F8D16356B40B /* SettingsView.swift */,
				238DE2A764731DE98E7D50AF /* SyncSettingsView.swift */,
			);
			path = Settings;
			sourceTree = "<group>";
		};
		0CD1A151BD54E43F033AFC06 /* Products */ = {
			isa = PBXGroup;
			children = (
				7DA9DA90D81F32B1AA3751DF /* Remet.app */,
				B9A4B26E693892BC1F25FEB7 /* ShareExtension.appex */,
			);
			name = Products;
			sourceTree = "<group>";
		};
		1230187D494A71F2FCFC8C36 /* MemoryScan */ = {
			isa = PBXGroup;
			children = (
				83F477D72755869D35922982 /* EphemeralMatchView.swift */,
				C68DFCAA52134F4AC268ED82 /* MatchResultCard.swift */,
				FD5D0231DA8A4A4C455EE11F /* MemoryScanView.swift */,
			);
			path = MemoryScan;
			sourceTree = "<group>";
		};
		13D128188F508E11689735CA /* Search */ = {
			isa = PBXGroup;
			children = (
				87EFFE3BD6B8C3BEF4E2C1BD /* GlobalSearchView.swift */,
				2EC10DD22C57CC073F868814 /* ScanTabView.swift */,
			);
			path = Search;
			sourceTree = "<group>";
		};
		1F21EB90D9A520FC533D10EB /* Shared */ = {
			isa = PBXGroup;
			children = (
				C80F070BD72AC0EF46DC7A15 /* FaceThumbnailView.swift */,
				CB3BD12761EA8956F55046E5 /* TagViews.swift */,
			);
			path = Shared;
			sourceTree = "<group>";
		};
		20042DC4FE02B0C15373FA0E = {
			isa = PBXGroup;
			children = (
				A187ED7E86D142910A8139CC /* Remet */,
				3FA538260E597DF07FCDE4AF /* ShareExtension */,
				0CD1A151BD54E43F033AFC06 /* Products */,
			);
			sourceTree = "<group>";
		};
		3FA538260E597DF07FCDE4AF /* ShareExtension */ = {
			isa = PBXGroup;
			children = (
				F45C58BBB6EFFCC60A3DF3B9 /* Info.plist */,
				974AA2C374B879B953C7F691 /* ShareExtension.entitlements */,
				3ACEE13C98ADE3CAFB17DFDE /* ShareViewController.swift */,
			);
			path = ShareExtension;
			sourceTree = "<group>";
		};
		42AC060A7797D3D569579999 /* PhotoImport */ = {
			isa = PBXGroup;
			children = (
				6D861C627201D8E3E06B3961 /* CameraCaptureView.swift */,
				1EEEF802177082A6E8E74328 /* FaceReviewView.swift */,
				521F4F14E7890F6F32F9B7B7 /* PhotoImportView.swift */,
			);
			path = PhotoImport;
			sourceTree = "<group>";
		};
		47437DF819A1DD85A3FA9D77 /* Models */ = {
			isa = PBXGroup;
			children = (
				7F8576CD80F811E34E5C08FA /* Encounter.swift */,
				62D9B65B81EAACA2C518D5A0 /* EncounterPhoto.swift */,
				0D05649D084EFCC1C8068A96 /* FaceEmbedding.swift */,
				188EBF64EBB1BF37D37F181E /* ImportedPhoto.swift */,
				4B86348856F51C62121EC088 /* InteractionNote.swift */,
				450F9A1A3B5B6AD0D184E282 /* Person.swift */,
				A74C14C63E0B42A203E30E62 /* QuizAttempt.swift */,
				2CE8B109DE6A181FD8C19B88 /* SpacedRepetitionData.swift */,
				B521FB26BC25023710F2EEB8 /* Tag.swift */,
			);
			path = Models;
			sourceTree = "<group>";
		};
		48AD6408A4AC0986EBD5FF6B /* Theme */ = {
			isa = PBXGroup;
			children = (
				3B46C31F66EEF6265FC61C67 /* AppTheme.swift */,
			);
			path = Theme;
			sourceTree = "<group>";
		};
		4976286B8CFE5BE443458C62 /* Views */ = {
			isa = PBXGroup;
			children = (
				5AEDCDD0CECC0EEF49EFB0D9 /* ContentView.swift */,
				68FD05F862AB5A75A72B5055 /* Account */,
				F5A2BD61A1CBDE48AC71C68A /* Add */,
				8273283A7847E509217CA276 /* Components */,
				BCCBC3851338D0E63E0B6E0B /* Encounters */,
				A1E2F4A946B67C7606C34716 /* Home */,
				1230187D494A71F2FCFC8C36 /* MemoryScan */,
				64732CB053735F7657D2E82B /* Onboarding */,
				F29802D979C34A94827B5DE7 /* People */,
				42AC060A7797D3D569579999 /* PhotoImport */,
				AA98CAEB53A5F60ECEAF4B94 /* Practice */,
				13D128188F508E11689735CA /* Search */,
				08064BCE561D2A78437A5456 /* Settings */,
				1F21EB90D9A520FC533D10EB /* Shared */,
				CF191B497F049A7CC7F237FE /* Subscription */,
			);
			path = Views;
			sourceTree = "<group>";
		};
		64732CB053735F7657D2E82B /* Onboarding */ = {
			isa = PBXGroup;
			children = (
				D320DB1EE8F564BEA6D0D785 /* OnboardingCompleteView.swift */,
				AF1C5BC4FFDE21726134D4BB /* OnboardingContainerView.swift */,
				40FEB62039EC82A7637BA56A /* OnboardingFirstMemoryView.swift */,
				36A993EA76D2CB5F07559084 /* OnboardingLiveScanView.swift */,
				CC4125E85C7130E4F68A0627 /* OnboardingProfileView.swift */,
				1312149A710348153F055F78 /* OnboardingProgressIndicator.swift */,
				86F06F2E892DC609EE68FD1D /* OnboardingWelcomeView.swift */,
			);
			path = Onboarding;
			sourceTree = "<group>";
		};
		68FD05F862AB5A75A72B5055 /* Account */ = {
			isa = PBXGroup;
			children = (
				FB6505A4C614E769EDF977BC /* AccountView.swift */,
				F35F911994007229BE98D59A /* FAQView.swift */,
				A7ED825D2743D1859039E470 /* ListEditorView.swift */,
			);
			path = Account;
			sourceTree = "<group>";
		};
		7704750CE3A5FD7A6F300DDC /* Services */ = {
			isa = PBXGroup;
			children = (
				16C457B5688D299C31E516CC /* AppSettings.swift */,
				A6F14B1EA9E63595970546F8 /* CloudSyncManager.swift */,
				C21964A4B54F1257DC9CE875 /* ContactsManager.swift */,
				9490DFD03312D9AD01EB8896 /* DemoDataService.swift */,
				D74FFB572E3E3A10F3ED4837 /* EncounterManagementService.swift */,
				81519E76E6A5B949AD7B2340 /* FaceDetectionService.swift */,
				C0C28E7CAED511D78436A26E /* FaceEmbeddingService.swift */,
				715D225B9A8BCA6D846A33C8 /* FaceMatchingService.swift */,
				06694C451E6DDB1A90961B56 /* LimitChecker.swift */,
				F91805FC28853BED76D5E325 /* PhotoLibraryScannerService.swift */,
				21DC5026712FFB5F28A9702A /* SilentScanCameraManager.swift */,
				B856B1DF9748538B71D376A8 /* SubscriptionLimits.swift */,
				F0371D80B6C01257F13AA90F /* SubscriptionManager.swift */,
			);
			path = Services;
			sourceTree = "<group>";
		};
		8273283A7847E509217CA276 /* Components */ = {
			isa = PBXGroup;
			children = (
				910C743F3BC5471067CB643C /* AppLogoView.swift */,
				73B1C5AC0126ABEFC13CD0F1 /* FloatingActionButton.swift */,
				37E55E11E0F450C6CA3FB079 /* FloatingTabBar.swift */,
				3B41544F52E67D4CB06C8D73 /* LiquidGlassStyle.swift */,
				8CCD2F3F97CABFA17BDAAD1F /* NewPersonSheet.swift */,
				750EDFD272CEE8D914FADCC6 /* ScanningAnimationView.swift */,
				2E23F39895AF9B13A0FDC41D /* SplashView.swift */,
				58BDF2135D94032DC6847188 /* StatusBarFadeOverlay.swift */,
			);
			path = Components;
			sourceTree = "<group>";
		};
		A187ED7E86D142910A8139CC /* Remet */ = {
			isa = PBXGroup;
			children = (
				9157C1E917CFF24ECFC278A1 /* Assets.xcassets */,
				3BFD7031C9E6FE562EE6AD1C /* Info.plist */,
				08D42FE113F8837656ABC3BA /* Localizable.xcstrings */,
				A745EC47673F2071CB294230 /* Remet.entitlements */,
				C5D7A7FA0DD4D205F36C96BE /* RemetApp.swift */,
				47437DF819A1DD85A3FA9D77 /* Models */,
				EF8A0AFF1379DE19E6E4EC0F /* Resources */,
				7704750CE3A5FD7A6F300DDC /* Services */,
				48AD6408A4AC0986EBD5FF6B /* Theme */,
				DA2A57C103FC3E6065BE3239 /* ViewModels */,
				4976286B8CFE5BE443458C62 /* Views */,
			);
			path = Remet;
			sourceTree = "<group>";
		};
		A1E2F4A946B67C7606C34716 /* Home */ = {
			isa = PBXGroup;
			children = (
				823AE1562193907DB7155DA8 /* HomeView.swift */,
			);
			path = Home;
			sourceTree = "<group>";
		};
		AA98CAEB53A5F60ECEAF4B94 /* Practice */ = {
			isa = PBXGroup;
			children = (
				0B4D145FE5DAFAAE416DCADC /* FaceQuizView.swift */,
				E30ED42B24103A43975FD067 /* PracticeHomeView.swift */,
			);
			path = Practice;
			sourceTree = "<group>";
		};
		BCCBC3851338D0E63E0B6E0B /* Encounters */ = {
			isa = PBXGroup;
			children = (
				429F386BA20D6758F12C7C05 /* EncounterDetailView.swift */,
				49021AC39EB69B1086AA70A3 /* EncounterEditView.swift */,
				2B2AC37A21CA31106498C6E2 /* EncounterGroupReviewView.swift */,
				A34165AA81501FB69A901176 /* EncounterListView.swift */,
				C9D24F41340C91A1BBBC9A23 /* EncounterMergeView.swift */,
				E36DCBF646425C64EF72E8F7 /* EncounterReviewView.swift */,
				B0512CDA3964ECC764E2D568 /* EncounterScannerView.swift */,
				1B0A7AA33B94802BE85E716E /* MovePhotosDestinationView.swift */,
			);
			path = Encounters;
			sourceTree = "<group>";
		};
		CF191B497F049A7CC7F237FE /* Subscription */ = {
			isa = PBXGroup;
			children = (
				2907A35F3C58431802E23AFA /* LimitReachedView.swift */,
				305F8290A1BBC3C7175765A9 /* LimitWarningBanner.swift */,
				30E37AF00F14424DAC516504 /* PaywallView.swift */,
			);
			path = Subscription;
			sourceTree = "<group>";
		};
		DA2A57C103FC3E6065BE3239 /* ViewModels */ = {
			isa = PBXGroup;
			children = (
				F48264597407375FD53C8B58 /* FaceReviewViewModel.swift */,
				C5115D265811AE22010673D1 /* MemoryScanViewModel.swift */,
				328F7272AF34BAE3ECEB1989 /* PhotoImportViewModel.swift */,
			);
			path = ViewModels;
			sourceTree = "<group>";
		};
		EF8A0AFF1379DE19E6E4EC0F /* Resources */ = {
			isa = PBXGroup;
			children = (
				3EE38A0DEBE78E71520B149A /* DemoAssets.xcassets */,
				04C02A8C9CD8F2E41209A5EA /* FaceNet512.mlpackage */,
			);
			path = Resources;
			sourceTree = "<group>";
		};
		F29802D979C34A94827B5DE7 /* People */ = {
			isa = PBXGroup;
			children = (
				C4782D317377C335A7A208BD /* AddPersonView.swift */,
				657BD2311A0223773FCB81D0 /* AllPeopleListView.swift */,
				1EA9B9C64CE5FCCC38EE2FEC /* ContactLinkSection.swift */,
				345B472647BAF030FA79A0B2 /* PeopleHomeView.swift */,
				8506C97A0F1D2A3A3C3BDD51 /* PeopleListView.swift */,
				4786E3FC85DB983E4FB2854C /* PersonDetailView.swift */,
				C5B4989BAE409B9E5E6111CA /* PersonMergeView.swift */,
			);
			path = People;
			sourceTree = "<group>";
		};
		F5A2BD61A1CBDE48AC71C68A /* Add */ = {
			isa = PBXGroup;
			children = (
				4B8A6EB8EBB2A9D20B57FC52 /* AddView.swift */,
				2B9E28301BCA0F763F5285CB /* QuickCaptureView.swift */,
			);
			path = Add;
			sourceTree = "<group>";
		};
/* End PBXGroup section */

/* Begin PBXNativeTarget section */
		27217AC6BEC03FBFB0FE8516 /* Remet */ = {
			isa = PBXNativeTarget;
			buildConfigurationList = E238E277941E381331F79370 /* Build configuration list for PBXNativeTarget "Remet" */;
			buildPhases = (
				E333A61927ED57CFDECC0EF0 /* Sources */,
				421979BFF2B06162E7BE7CBD /* Resources */,
				1F0CF2669C703262D6060A82 /* Embed Foundation Extensions */,
			);
			buildRules = (
			);
			dependencies = (
				25304D782778EC4AC0BF6AA5 /* PBXTargetDependency */,
			);
			name = Remet;
			packageProductDependencies = (
			);
			productName = Remet;
			productReference = 7DA9DA90D81F32B1AA3751DF /* Remet.app */;
			productType = "com.apple.product-type.application";
		};
		4B671A7987202F63BC07022B /* ShareExtension */ = {
			isa = PBXNativeTarget;
			buildConfigurationList = 3E715A2712853B8412206265 /* Build configuration list for PBXNativeTarget "ShareExtension" */;
			buildPhases = (
				9998CD127DF0594F01EE228B /* Sources */,
			);
			buildRules = (
			);
			dependencies = (
			);
			name = ShareExtension;
			packageProductDependencies = (
			);
			productName = ShareExtension;
			productReference = B9A4B26E693892BC1F25FEB7 /* ShareExtension.appex */;
			productType = "com.apple.product-type.app-extension";
		};
/* End PBXNativeTarget section */

/* Begin PBXProject section */
		49C7ADC13AF398C110B64637 /* Project object */ = {
			isa = PBXProject;
			attributes = {
				BuildIndependentTargetsInParallel = YES;
				LastUpgradeCheck = 1500;
				TargetAttributes = {
					27217AC6BEC03FBFB0FE8516 = {
						DevelopmentTeam = "";
						ProvisioningStyle = Automatic;
					};
					4B671A7987202F63BC07022B = {
						DevelopmentTeam = "";
						ProvisioningStyle = Automatic;
					};
				};
			};
			buildConfigurationList = B3C32EFAC75D9DFA70C7A997 /* Build configuration list for PBXProject "Remet" */;
			compatibilityVersion = "Xcode 14.0";
			developmentRegion = en;
			hasScannedForEncodings = 0;
			knownRegions = (
				Base,
				en,
				ja,
				"zh-Hans",
				"zh-Hant",
			);
			mainGroup = 20042DC4FE02B0C15373FA0E;
			minimizedProjectReferenceProxies = 1;
			preferredProjectObjectVersion = 77;
			projectDirPath = "";
			projectRoot = "";
			targets = (
				27217AC6BEC03FBFB0FE8516 /* Remet */,
				4B671A7987202F63BC07022B /* ShareExtension */,
			);
		};
/* End PBXProject section */

/* Begin PBXResourcesBuildPhase section */
		421979BFF2B06162E7BE7CBD /* Resources */ = {
			isa = PBXResourcesBuildPhase;
			buildActionMask = 2147483647;
			files = (
				33C1884D24DD37D46D479D03 /* Assets.xcassets in Resources */,
				5A7383B36339409396DD811E /* DemoAssets.xcassets in Resources */,
				850080AEEE42F81F45F3862F /* Localizable.xcstrings in Resources */,
			);
			runOnlyForDeploymentPostprocessing = 0;
		};
/* End PBXResourcesBuildPhase section */

/* Begin PBXSourcesBuildPhase section */
		9998CD127DF0594F01EE228B /* Sources */ = {
			isa = PBXSourcesBuildPhase;
			buildActionMask = 2147483647;
			files = (
				1B42891099809454F5B23C4D /* ShareViewController.swift in Sources */,
			);
			runOnlyForDeploymentPostprocessing = 0;
		};
		E333A61927ED57CFDECC0EF0 /* Sources */ = {
			isa = PBXSourcesBuildPhase;
			buildActionMask = 2147483647;
			files = (
				72D39DB749E6FC3EB11A91F3 /* AccountView.swift in Sources */,
				B85503DE06870526E2A5476C /* AddPersonView.swift in Sources */,
				03B50051A96CA35C700C2A76 /* AddView.swift in Sources */,
				24B5217B597B4B96580961A4 /* AllPeopleListView.swift in Sources */,
				0C973C40AF3870C26384A53C /* AppLogoView.swift in Sources */,
				1CD3E6B82C28102DAC2C4E3C /* AppSettings.swift in Sources */,
				828E4087E1F24C0621CD8622 /* AppTheme.swift in Sources */,
				72419CAA7C9B73ADA651A889 /* CameraCaptureView.swift in Sources */,
				81AB8030C5DC0249205DCC6F /* CloudSyncManager.swift in Sources */,
				0635C99CEEC62BAA29D7F27E /* ContactLinkSection.swift in Sources */,
				46998D26BEA1168689AA2F3C /* ContactsManager.swift in Sources */,
				245C6DCA4C66F2AF624B8923 /* ContentView.swift in Sources */,
				E9C6C7905A8ED501A5008486 /* DemoDataService.swift in Sources */,
				FB3581F4CC2B608AFDA46857 /* Encounter.swift in Sources */,
				6BEF893F1BE0172D2153280D /* EncounterDetailView.swift in Sources */,
				18182FF9265696E81E0E1E21 /* EncounterEditView.swift in Sources */,
				E00EC07AADAEBE2072EA08D6 /* EncounterGroupReviewView.swift in Sources */,
				1D2EDB550A1BB254B63D880A /* EncounterListView.swift in Sources */,
				B0758D2B27D769F9FD2489E8 /* EncounterManagementService.swift in Sources */,
				C951BDA4E801E59D8E8A866D /* EncounterMergeView.swift in Sources */,
				3FA1923B4B59DC9E25887975 /* EncounterPhoto.swift in Sources */,
				7992B1B55425C654B5657E21 /* EncounterReviewView.swift in Sources */,
				34610B0333056FF80044B18B /* EncounterScannerView.swift in Sources */,
				36D96658ABC7433A1D56F799 /* EphemeralMatchView.swift in Sources */,
				EB41B6B1018B498CF1B4907E /* FAQView.swift in Sources */,
				9CA2AD3D8EEFA24027A636DF /* FaceDetectionService.swift in Sources */,
				E6FBB221BB4D06F4D2B5587F /* FaceEmbedding.swift in Sources */,
				AB3D51D8B51210D5615E1E48 /* FaceEmbeddingService.swift in Sources */,
				A4A2C3B109F65D52993277DF /* FaceMatchingService.swift in Sources */,
				0BA2E74294B1916F8E0FD70C /* FaceNet512.mlpackage in Sources */,
				4845C15119DA3C2D6BB3B25F /* FaceQuizView.swift in Sources */,
				132D1A0157B2F706D0B3CCDF /* FaceReviewView.swift in Sources */,
				AA9EFF1A3178E1E8FCF6462B /* FaceReviewViewModel.swift in Sources */,
				9016682C25A644AA47C25B59 /* FaceThumbnailView.swift in Sources */,
				15920C5ECB3F2081D04F7994 /* FloatingActionButton.swift in Sources */,
				ED3B8921E0936101437EC7A1 /* FloatingTabBar.swift in Sources */,
				1518CF43B5C77729B8CB3112 /* GlobalSearchView.swift in Sources */,
				ACAB121A58372FFDE8BBB977 /* HomeView.swift in Sources */,
				A2DB631ACFFE916BF7DA3A95 /* ImportedPhoto.swift in Sources */,
				A59B8432A6ACE31EF1D92711 /* InteractionNote.swift in Sources */,
				00155301BE7E302429DE4058 /* LimitChecker.swift in Sources */,
				2ACFCCB4FD0BDC5436943CB5 /* LimitReachedView.swift in Sources */,
				6184CE75388791A5B88B9CC0 /* LimitWarningBanner.swift in Sources */,
				898810411417DD9F8C0B083C /* LiquidGlassStyle.swift in Sources */,
				1363F0B70C7E184D9097D741 /* ListEditorView.swift in Sources */,
				1438F50C9349DD2C3C04E337 /* MatchResultCard.swift in Sources */,
				C4CA14631D70FBBE1A9EB210 /* MemoryScanView.swift in Sources */,
				5176F743AA0ADD4E644F4DC2 /* MemoryScanViewModel.swift in Sources */,
				8A5C05D4911037CABE9389AA /* MovePhotosDestinationView.swift in Sources */,
				895EE803C1F62178054A268D /* NewPersonSheet.swift in Sources */,
				08AC7016FFB6FDD4F21BC0A0 /* OnboardingCompleteView.swift in Sources */,
				118D2267ED6D521A02B94AFE /* OnboardingContainerView.swift in Sources */,
				B652F1F91E5F7C56FE788B2C /* OnboardingFirstMemoryView.swift in Sources */,
				94EECE7C4AEB9D1BACA898DF /* OnboardingLiveScanView.swift in Sources */,
				536C2A1526D1FCD4EB08C153 /* OnboardingProfileView.swift in Sources */,
				2FCD950EA79234AEB68E4647 /* OnboardingProgressIndicator.swift in Sources */,
				1A9905532228A8478AE3C89F /* OnboardingWelcomeView.swift in Sources */,
				43719527A751C48B739F9253 /* PaywallView.swift in Sources */,
				4818C973C234B5DCB3A9C7A1 /* PeopleHomeView.swift in Sources */,
				7702051B9C47A5D782F8C7F8 /* PeopleListView.swift in Sources */,
				C30F9E41870DF68EB50DEC93 /* Person.swift in Sources */,
				D6A570580E60E71D14B5ECDD /* PersonDetailView.swift in Sources */,
				BD7E54D0A7B38467EE4F2CD5 /* PersonMergeView.swift in Sources */,
				60126316EDBE2CB1FEF6EB6C /* PhotoImportView.swift in Sources */,
				09C25603D1D5B39E492CE4DD /* PhotoImportViewModel.swift in Sources */,
				457C0CB01FC45D37EB6B5B59 /* PhotoLibraryScannerService.swift in Sources */,
				ACB1B92D181B9AE1DB5987AB /* PracticeHomeView.swift in Sources */,
				B6D5C079A3ADF3E5955C9DAC /* QuickCaptureView.swift in Sources */,
				E9A063887364C98257DFE000 /* QuizAttempt.swift in Sources */,
				B957D837F98F1A7AB5C7F01E /* RemetApp.swift in Sources */,
				B3E39E5070C63F5AA63CCBB9 /* ScanTabView.swift in Sources */,
				6A6607518441A4E5A2499AE9 /* ScanningAnimationView.swift in Sources */,
				416B6B6EF3FDA30B32BDBEB0 /* SettingsView.swift in Sources */,
				0408127824C04E83890A2A05 /* SilentScanCameraManager.swift in Sources */,
				98E1B40F8CB6DB617C143CE6 /* SpacedRepetitionData.swift in Sources */,
				3391C66F32DEAE53B25A76EE /* SplashView.swift in Sources */,
				D362EA332267D1BAC1A7400C /* StatusBarFadeOverlay.swift in Sources */,
				B20FAC18C5AA5298D4C9B478 /* SubscriptionLimits.swift in Sources */,
				27AB7EA9C5D74656790EB028 /* SubscriptionManager.swift in Sources */,
				CB1973A4EA63A43353D48831 /* SyncSettingsView.swift in Sources */,
				7BB9C52E50DB52299554FE24 /* Tag.swift in Sources */,
				653475F656622C7B24F56A93 /* TagViews.swift in Sources */,
			);
			runOnlyForDeploymentPostprocessing = 0;
		};
/* End PBXSourcesBuildPhase section */

/* Begin PBXTargetDependency section */
		25304D782778EC4AC0BF6AA5 /* PBXTargetDependency */ = {
			isa = PBXTargetDependency;
			target = 4B671A7987202F63BC07022B /* ShareExtension */;
			targetProxy = DA620B1C12ADFEF8684C3AFA /* PBXContainerItemProxy */;
		};
/* End PBXTargetDependency section */

/* Begin XCBuildConfiguration section */
		9B5CB255B36B6781BD2526A1 /* Debug */ = {
			isa = XCBuildConfiguration;
			buildSettings = {
				ASSETCATALOG_COMPILER_APPICON_NAME = AppIcon;
				ASSETCATALOG_COMPILER_GLOBAL_ACCENT_COLOR_NAME = AccentColor;
				CODE_SIGN_ENTITLEMENTS = Remet/Remet.entitlements;
				CODE_SIGN_IDENTITY = "iPhone Developer";
				CODE_SIGN_STYLE = Automatic;
				DEVELOPMENT_TEAM = "";
				ENABLE_PREVIEWS = YES;
				INFOPLIST_FILE = Remet/Info.plist;
				INFOPLIST_KEY_NSCameraUsageDescription = "Remet needs camera access to capture photos for face identification.";
				INFOPLIST_KEY_NSPhotoLibraryAddUsageDescription = "Remet can save processed photos to your library.";
				INFOPLIST_KEY_NSPhotoLibraryUsageDescription = "Remet needs access to your photos to identify people.";
				LD_RUNPATH_SEARCH_PATHS = (
					"$(inherited)",
					"@executable_path/Frameworks",
				);
				PRODUCT_BUNDLE_IDENTIFIER = com.remet.app;
				SDKROOT = iphoneos;
				SWIFT_OPTIMIZATION_LEVEL = "-Onone";
				TARGETED_DEVICE_FAMILY = "1,2";
			};
			name = Debug;
		};
		A58FD3D6DBA2838D5D0DDFE8 /* Debug */ = {
			isa = XCBuildConfiguration;
			buildSettings = {
				CODE_SIGN_ENTITLEMENTS = ShareExtension/ShareExtension.entitlements;
				CODE_SIGN_STYLE = Automatic;
				DEVELOPMENT_TEAM = "";
				INFOPLIST_FILE = ShareExtension/Info.plist;
				LD_RUNPATH_SEARCH_PATHS = (
					"$(inherited)",
					"@executable_path/Frameworks",
					"@executable_path/../../Frameworks",
				);
				PRODUCT_BUNDLE_IDENTIFIER = com.remet.app.share;
				SDKROOT = iphoneos;
				SKIP_INSTALL = YES;
				TARGETED_DEVICE_FAMILY = "1,2";
			};
			name = Debug;
		};
		AE3DDA71EFB69FF8BAB3607F /* Release */ = {
			isa = XCBuildConfiguration;
			buildSettings = {
				ALWAYS_SEARCH_USER_PATHS = NO;
				CLANG_ANALYZER_NONNULL = YES;
				CLANG_ANALYZER_NUMBER_OBJECT_CONVERSION = YES_AGGRESSIVE;
				CLANG_CXX_LANGUAGE_STANDARD = "gnu++14";
				CLANG_CXX_LIBRARY = "libc++";
				CLANG_ENABLE_MODULES = YES;
				CLANG_ENABLE_OBJC_ARC = YES;
				CLANG_ENABLE_OBJC_WEAK = YES;
				CLANG_WARN_BLOCK_CAPTURE_AUTORELEASING = YES;
				CLANG_WARN_BOOL_CONVERSION = YES;
				CLANG_WARN_COMMA = YES;
				CLANG_WARN_CONSTANT_CONVERSION = YES;
				CLANG_WARN_DEPRECATED_OBJC_IMPLEMENTATIONS = YES;
				CLANG_WARN_DIRECT_OBJC_ISA_USAGE = YES_ERROR;
				CLANG_WARN_DOCUMENTATION_COMMENTS = YES;
				CLANG_WARN_EMPTY_BODY = YES;
				CLANG_WARN_ENUM_CONVERSION = YES;
				CLANG_WARN_INFINITE_RECURSION = YES;
				CLANG_WARN_INT_CONVERSION = YES;
				CLANG_WARN_NON_LITERAL_NULL_CONVERSION = YES;
				CLANG_WARN_OBJC_IMPLICIT_RETAIN_SELF = YES;
				CLANG_WARN_OBJC_LITERAL_CONVERSION = YES;
				CLANG_WARN_OBJC_ROOT_CLASS = YES_ERROR;
				CLANG_WARN_QUOTED_INCLUDE_IN_FRAMEWORK_HEADER = YES;
				CLANG_WARN_RANGE_LOOP_ANALYSIS = YES;
				CLANG_WARN_STRICT_PROTOTYPES = YES;
				CLANG_WARN_SUSPICIOUS_MOVE = YES;
				CLANG_WARN_UNGUARDED_AVAILABILITY = YES_AGGRESSIVE;
				CLANG_WARN_UNREACHABLE_CODE = YES;
				CLANG_WARN__DUPLICATE_METHOD_MATCH = YES;
				COPY_PHASE_STRIP = NO;
				DEBUG_INFORMATION_FORMAT = "dwarf-with-dsym";
				ENABLE_NS_ASSERTIONS = NO;
				ENABLE_STRICT_OBJC_MSGSEND = YES;
				GCC_C_LANGUAGE_STANDARD = gnu11;
				GCC_NO_COMMON_BLOCKS = YES;
				GCC_WARN_64_TO_32_BIT_CONVERSION = YES;
				GCC_WARN_ABOUT_RETURN_TYPE = YES_ERROR;
				GCC_WARN_UNDECLARED_SELECTOR = YES;
				GCC_WARN_UNINITIALIZED_AUTOS = YES_AGGRESSIVE;
				GCC_WARN_UNUSED_FUNCTION = YES;
				GCC_WARN_UNUSED_VARIABLE = YES;
				INFOPLIST_KEY_UIApplicationSceneManifest_Generation = YES;
				INFOPLIST_KEY_UIApplicationSupportsIndirectInputEvents = YES;
				INFOPLIST_KEY_UILaunchScreen_Generation = YES;
				INFOPLIST_KEY_UISupportedInterfaceOrientations_iPad = "UIInterfaceOrientationPortrait UIInterfaceOrientationPortraitUpsideDown UIInterfaceOrientationLandscapeLeft UIInterfaceOrientationLandscapeRight";
				INFOPLIST_KEY_UISupportedInterfaceOrientations_iPhone = UIInterfaceOrientationPortrait;
				IPHONEOS_DEPLOYMENT_TARGET = 17.0;
				MTL_ENABLE_DEBUG_INFO = NO;
				MTL_FAST_MATH = YES;
				PRODUCT_NAME = "$(TARGET_NAME)";
				SDKROOT = iphoneos;
				SWIFT_COMPILATION_MODE = wholemodule;
				SWIFT_OPTIMIZATION_LEVEL = "-O";
				SWIFT_VERSION = 5.0;
				TARGETED_DEVICE_FAMILY = "1,2";
			};
			name = Release;
		};
		BE7E81C8A2FE3F5D3D881330 /* Debug */ = {
			isa = XCBuildConfiguration;
			buildSettings = {
				ALWAYS_SEARCH_USER_PATHS = NO;
				CLANG_ANALYZER_NONNULL = YES;
				CLANG_ANALYZER_NUMBER_OBJECT_CONVERSION = YES_AGGRESSIVE;
				CLANG_CXX_LANGUAGE_STANDARD = "gnu++14";
				CLANG_CXX_LIBRARY = "libc++";
				CLANG_ENABLE_MODULES = YES;
				CLANG_ENABLE_OBJC_ARC = YES;
				CLANG_ENABLE_OBJC_WEAK = YES;
				CLANG_WARN_BLOCK_CAPTURE_AUTORELEASING = YES;
				CLANG_WARN_BOOL_CONVERSION = YES;
				CLANG_WARN_COMMA = YES;
				CLANG_WARN_CONSTANT_CONVERSION = YES;
				CLANG_WARN_DEPRECATED_OBJC_IMPLEMENTATIONS = YES;
				CLANG_WARN_DIRECT_OBJC_ISA_USAGE = YES_ERROR;
				CLANG_WARN_DOCUMENTATION_COMMENTS = YES;
				CLANG_WARN_EMPTY_BODY = YES;
				CLANG_WARN_ENUM_CONVERSION = YES;
				CLANG_WARN_INFINITE_RECURSION = YES;
				CLANG_WARN_INT_CONVERSION = YES;
				CLANG_WARN_NON_LITERAL_NULL_CONVERSION = YES;
				CLANG_WARN_OBJC_IMPLICIT_RETAIN_SELF = YES;
				CLANG_WARN_OBJC_LITERAL_CONVERSION = YES;
				CLANG_WARN_OBJC_ROOT_CLASS = YES_ERROR;
				CLANG_WARN_QUOTED_INCLUDE_IN_FRAMEWORK_HEADER = YES;
				CLANG_WARN_RANGE_LOOP_ANALYSIS = YES;
				CLANG_WARN_STRICT_PROTOTYPES = YES;
				CLANG_WARN_SUSPICIOUS_MOVE = YES;
				CLANG_WARN_UNGUARDED_AVAILABILITY = YES_AGGRESSIVE;
				CLANG_WARN_UNREACHABLE_CODE = YES;
				CLANG_WARN__DUPLICATE_METHOD_MATCH = YES;
				COPY_PHASE_STRIP = NO;
				DEBUG_INFORMATION_FORMAT = dwarf;
				ENABLE_STRICT_OBJC_MSGSEND = YES;
				ENABLE_TESTABILITY = YES;
				GCC_C_LANGUAGE_STANDARD = gnu11;
				GCC_DYNAMIC_NO_PIC = NO;
				GCC_NO_COMMON_BLOCKS = YES;
				GCC_OPTIMIZATION_LEVEL = 0;
				GCC_PREPROCESSOR_DEFINITIONS = (
					"$(inherited)",
					"DEBUG=1",
				);
				GCC_WARN_64_TO_32_BIT_CONVERSION = YES;
				GCC_WARN_ABOUT_RETURN_TYPE = YES_ERROR;
				GCC_WARN_UNDECLARED_SELECTOR = YES;
				GCC_WARN_UNINITIALIZED_AUTOS = YES_AGGRESSIVE;
				GCC_WARN_UNUSED_FUNCTION = YES;
				GCC_WARN_UNUSED_VARIABLE = YES;
				INFOPLIST_KEY_UIApplicationSceneManifest_Generation = YES;
				INFOPLIST_KEY_UIApplicationSupportsIndirectInputEvents = YES;
				INFOPLIST_KEY_UILaunchScreen_Generation = YES;
				INFOPLIST_KEY_UISupportedInterfaceOrientations_iPad = "UIInterfaceOrientationPortrait UIInterfaceOrientationPortraitUpsideDown UIInterfaceOrientationLandscapeLeft UIInterfaceOrientationLandscapeRight";
				INFOPLIST_KEY_UISupportedInterfaceOrientations_iPhone = UIInterfaceOrientationPortrait;
				IPHONEOS_DEPLOYMENT_TARGET = 17.0;
				MTL_ENABLE_DEBUG_INFO = INCLUDE_SOURCE;
				MTL_FAST_MATH = YES;
				ONLY_ACTIVE_ARCH = YES;
				PRODUCT_NAME = "$(TARGET_NAME)";
				SDKROOT = iphoneos;
				SWIFT_ACTIVE_COMPILATION_CONDITIONS = DEBUG;
				SWIFT_OPTIMIZATION_LEVEL = "-Onone";
				SWIFT_VERSION = 5.0;
				TARGETED_DEVICE_FAMILY = "1,2";
			};
			name = Debug;
		};
		D8977388D0A242CAA3CBAFB1 /* Release */ = {
			isa = XCBuildConfiguration;
			buildSettings = {
				CODE_SIGN_ENTITLEMENTS = ShareExtension/ShareExtension.entitlements;
				CODE_SIGN_STYLE = Automatic;
				DEVELOPMENT_TEAM = "";
				INFOPLIST_FILE = ShareExtension/Info.plist;
				LD_RUNPATH_SEARCH_PATHS = (
					"$(inherited)",
					"@executable_path/Frameworks",
					"@executable_path/../../Frameworks",
				);
				PRODUCT_BUNDLE_IDENTIFIER = com.remet.app.share;
				SDKROOT = iphoneos;
				SKIP_INSTALL = YES;
				TARGETED_DEVICE_FAMILY = "1,2";
			};
			name = Release;
		};
		E34BF018DC2BB0B89E86214B /* Release */ = {
			isa = XCBuildConfiguration;
			buildSettings = {
				ASSETCATALOG_COMPILER_APPICON_NAME = AppIcon;
				ASSETCATALOG_COMPILER_GLOBAL_ACCENT_COLOR_NAME = AccentColor;
				CODE_SIGN_ENTITLEMENTS = Remet/Remet.entitlements;
				CODE_SIGN_IDENTITY = "iPhone Developer";
				CODE_SIGN_STYLE = Automatic;
				DEVELOPMENT_TEAM = "";
				ENABLE_PREVIEWS = YES;
				INFOPLIST_FILE = Remet/Info.plist;
				INFOPLIST_KEY_NSCameraUsageDescription = "Remet needs camera access to capture photos for face identification.";
				INFOPLIST_KEY_NSPhotoLibraryAddUsageDescription = "Remet can save processed photos to your library.";
				INFOPLIST_KEY_NSPhotoLibraryUsageDescription = "Remet needs access to your photos to identify people.";
				LD_RUNPATH_SEARCH_PATHS = (
					"$(inherited)",
					"@executable_path/Frameworks",
				);
				PRODUCT_BUNDLE_IDENTIFIER = com.remet.app;
				SDKROOT = iphoneos;
				SWIFT_OPTIMIZATION_LEVEL = "-O";
				TARGETED_DEVICE_FAMILY = "1,2";
			};
			name = Release;
		};
/* End XCBuildConfiguration section */

/* Begin XCConfigurationList section */
		3E715A2712853B8412206265 /* Build configuration list for PBXNativeTarget "ShareExtension" */ = {
			isa = XCConfigurationList;
			buildConfigurations = (
				A58FD3D6DBA2838D5D0DDFE8 /* Debug */,
				D8977388D0A242CAA3CBAFB1 /* Release */,
			);
			defaultConfigurationIsVisible = 0;
			defaultConfigurationName = Debug;
		};
		B3C32EFAC75D9DFA70C7A997 /* Build configuration list for PBXProject "Remet" */ = {
			isa = XCConfigurationList;
			buildConfigurations = (
				BE7E81C8A2FE3F5D3D881330 /* Debug */,
				AE3DDA71EFB69FF8BAB3607F /* Release */,
			);
			defaultConfigurationIsVisible = 0;
			defaultConfigurationName = Debug;
		};
		E238E277941E381331F79370 /* Build configuration list for PBXNativeTarget "Remet" */ = {
			isa = XCConfigurationList;
			buildConfigurations = (
				9B5CB255B36B6781BD2526A1 /* Debug */,
				E34BF018DC2BB0B89E86214B /* Release */,
			);
			defaultConfigurationIsVisible = 0;
			defaultConfigurationName = Debug;
		};
/* End XCConfigurationList section */
	};
	rootObject = 49C7ADC13AF398C110B64637 /* Project object */;
}
